
Microsoft Visual Studio Solution File, Format Version 12.00
# Visual Studio 14
VisualStudioVersion = 14.0.25420.1
MinimumVisualStudioVersion = 10.0.40219.1
Project("{FAE04EC0-301F-11D3-BF4B-00C04F79EFBC}") = "Blog", "Blog\Blog.csproj", "{4E2B8B13-8D95-4847-B0E8-99B9E343F15B}"
EndProject
Project("{FAE04EC0-301F-11D3-BF4B-00C04F79EFBC}") = "Blog.Integration.Trests", "NUnitTestProject1\Blog.Integration.Trests.csproj", "{067456C0-086C-46A8-B37F-1405717B7BFC}"
EndProject
Project("{FAE04EC0-301F-11D3-BF4B-00C04F79EFBC}") = "Blog.UI.Tests", "NUnitTestProject2\Blog.UI.Tests.csproj", "{5E08FABD-0F90-434E-A84F-9A32CA235C2D}"
EndProject
Project("{FAE04EC0-301F-11D3-BF4B-00C04F79EFBC}") = "Blog.Unit.Tests", "Blog.Unit.Tests\Blog.Unit.Tests.csproj", "{FE4422F9-FF3A-470D-BEB4-087112573121}"
EndProject
Global
	GlobalSection(SolutionConfigurationPlatforms) = preSolution
		Debug|Any CPU = Debug|Any CPU
		Release|Any CPU = Release|Any CPU
	EndGlobalSection
	GlobalSection(ProjectConfigurationPlatforms) = postSolution
		{4E2B8B13-8D95-4847-B0E8-99B9E343F15B}.Debug|Any CPU.ActiveCfg = Debug|Any CPU
		{4E2B8B13-8D95-4847-B0E8-99B9E343F15B}.Debug|Any CPU.Build.0 = Debug|Any CPU
		{4E2B8B13-8D95-4847-B0E8-99B9E343F15B}.Release|Any CPU.ActiveCfg = Release|Any CPU
		{4E2B8B13-8D95-4847-B0E8-99B9E343F15B}.Release|Any CPU.Build.0 = Release|Any CPU
		{067456C0-086C-46A8-B37F-1405717B7BFC}.Debug|Any CPU.ActiveCfg = Debug|Any CPU
		{067456C0-086C-46A8-B37F-1405717B7BFC}.Debug|Any CPU.Build.0 = Debug|Any CPU
		{067456C0-086C-46A8-B37F-1405717B7BFC}.Release|Any CPU.ActiveCfg = Release|Any CPU
		{067456C0-086C-46A8-B37F-1405717B7BFC}.Release|Any CPU.Build.0 = Release|Any CPU
		{5E08FABD-0F90-434E-A84F-9A32CA235C2D}.Debug|Any CPU.ActiveCfg = Debug|Any CPU
		{5E08FABD-0F90-434E-A84F-9A32CA235C2D}.Debug|Any CPU.Build.0 = Debug|Any CPU
		{5E08FABD-0F90-434E-A84F-9A32CA235C2D}.Release|Any CPU.ActiveCfg = Release|Any CPU
		{5E08FABD-0F90-434E-A84F-9A32CA235C2D}.Release|Any CPU.Build.0 = Release|Any CPU
		{FE4422F9-FF3A-470D-BEB4-087112573121}.Debug|Any CPU.ActiveCfg = Debug|Any CPU
		{FE4422F9-FF3A-470D-BEB4-087112573121}.Debug|Any CPU.Build.0 = Debug|Any CPU
		{FE4422F9-FF3A-470D-BEB4-087112573121}.Release|Any CPU.ActiveCfg = Release|Any CPU
		{FE4422F9-FF3A-470D-BEB4-087112573121}.Release|Any CPU.Build.0 = Release|Any CPU
	EndGlobalSection
	GlobalSection(SolutionProperties) = preSolution
		HideSolutionNode = FALSE
	EndGlobalSection
EndGlobal
